
Microsoft Visual Studio Solution File, Format Version 12.00
# Visual Studio Version 16
VisualStudioVersion = 16.0.28803.156
MinimumVisualStudioVersion = 10.0.40219.1
Project("{FAE04EC0-301F-11D3-BF4B-00C04F79EFBC}") = "Karma", "Karma\Karma.csproj", "{500BB9CF-B3D6-482B-B0B1-5807A64BD92C}"
EndProject
Global
	GlobalSection(SolutionConfigurationPlatforms) = preSolution
		Debug|Any CPU = Debug|Any CPU
		Release|Any CPU = Release|Any CPU
	EndGlobalSection
	GlobalSection(ProjectConfigurationPlatforms) = postSolution
		{500BB9CF-B3D6-482B-B0B1-5807A64BD92C}.Debug|Any CPU.ActiveCfg = Debug|Any CPU
		{500BB9CF-B3D6-482B-B0B1-5807A64BD92C}.Debug|Any CPU.Build.0 = Debug|Any CPU
		{500BB9CF-B3D6-482B-B0B1-5807A64BD92C}.Release|Any CPU.ActiveCfg = Release|Any CPU
		{500BB9CF-B3D6-482B-B0B1-5807A64BD92C}.Release|Any CPU.Build.0 = Release|Any CPU
	EndGlobalSection
	GlobalSection(SolutionProperties) = preSolution
		HideSolutionNode = FALSE
	EndGlobalSection
	GlobalSection(ExtensibilityGlobals) = postSolution
		SolutionGuid = {D21FC6EA-6E69-4068-B8F5-A9DE9CF69E13}
	EndGlobalSection
EndGlobal
